// !$*UTF8*$!
{
	archiveVersion = 1;
	classes = {
	};
	objectVersion = 50;
	objects = {

/* Begin PBXBuildFile section */
		22A34B8C25717C0900349552 /* AppDelegate.m in Sources */ = {isa = PBXBuildFile; fileRef = 22A34B8B25717C0900349552 /* AppDelegate.m */; };
		22A34B9225717C0900349552 /* ViewController.m in Sources */ = {isa = PBXBuildFile; fileRef = 22A34B9125717C0900349552 /* ViewController.m */; };
		22A34B9525717C0900349552 /* Main.storyboard in Resources */ = {isa = PBXBuildFile; fileRef = 22A34B9325717C0900349552 /* Main.storyboard */; };
		22A34B9725717C0C00349552 /* Assets.xcassets in Resources */ = {isa = PBXBuildFile; fileRef = 22A34B9625717C0C00349552 /* Assets.xcassets */; };
		22A34B9A25717C0C00349552 /* LaunchScreen.storyboard in Resources */ = {isa = PBXBuildFile; fileRef = 22A34B9825717C0C00349552 /* LaunchScreen.storyboard */; };
		22A34B9D25717C0C00349552 /* main.m in Sources */ = {isa = PBXBuildFile; fileRef = 22A34B9C25717C0C00349552 /* main.m */; };
		22C37749257FC12700E8CD1D /* SuccessViewController.m in Sources */ = {isa = PBXBuildFile; fileRef = 22C37748257FC12700E8CD1D /* SuccessViewController.m */; };
		22C3774D2582AD7E00E8CD1D /* Success.storyboard in Resources */ = {isa = PBXBuildFile; fileRef = 22C3774C2582AD7E00E8CD1D /* Success.storyboard */; };
/* End PBXBuildFile section */

/* Begin PBXFileReference section */
		22A34B8725717C0900349552 /* SampleLoginMeuID.app */ = {isa = PBXFileReference; explicitFileType = wrapper.application; includeInIndex = 0; path = SampleLoginMeuID.app; sourceTree = BUILT_PRODUCTS_DIR; };
		22A34B8A25717C0900349552 /* AppDelegate.h */ = {isa = PBXFileReference; lastKnownFileType = sourcecode.c.h; path = AppDelegate.h; sourceTree = "<group>"; };
		22A34B8B25717C0900349552 /* AppDelegate.m */ = {isa = PBXFileReference; lastKnownFileType = sourcecode.c.objc; path = AppDelegate.m; sourceTree = "<group>"; };
		22A34B9025717C0900349552 /* ViewController.h */ = {isa = PBXFileReference; lastKnownFileType = sourcecode.c.h; path = ViewController.h; sourceTree = "<group>"; };
		22A34B9125717C0900349552 /* ViewController.m */ = {isa = PBXFileReference; lastKnownFileType = sourcecode.c.objc; path = ViewController.m; sourceTree = "<group>"; };
		22A34B9425717C0900349552 /* Base */ = {isa = PBXFileReference; lastKnownFileType = file.storyboard; name = Base; path = Base.lproj/Main.storyboard; sourceTree = "<group>"; };
		22A34B9625717C0C00349552 /* Assets.xcassets */ = {isa = PBXFileReference; lastKnownFileType = folder.assetcatalog; path = Assets.xcassets; sourceTree = "<group>"; };
		22A34B9925717C0C00349552 /* Base */ = {isa = PBXFileReference; lastKnownFileType = file.storyboard; name = Base; path = Base.lproj/LaunchScreen.storyboard; sourceTree = "<group>"; };
		22A34B9B25717C0C00349552 /* Info.plist */ = {isa = PBXFileReference; lastKnownFileType = text.plist.xml; path = Info.plist; sourceTree = "<group>"; };
		22A34B9C25717C0C00349552 /* main.m */ = {isa = PBXFileReference; lastKnownFileType = sourcecode.c.objc; path = main.m; sourceTree = "<group>"; };
		22C37747257FC12700E8CD1D /* SuccessViewController.h */ = {isa = PBXFileReference; lastKnownFileType = sourcecode.c.h; path = SuccessViewController.h; sourceTree = "<group>"; };
		22C37748257FC12700E8CD1D /* SuccessViewController.m */ = {isa = PBXFileReference; lastKnownFileType = sourcecode.c.objc; path = SuccessViewController.m; sourceTree = "<group>"; };
		22C3774C2582AD7E00E8CD1D /* Success.storyboard */ = {isa = PBXFileReference; lastKnownFileType = file.storyboard; path = Success.storyboard; sourceTree = "<group>"; };
/* End PBXFileReference section */

/* Begin PBXFrameworksBuildPhase section */
		22A34B8425717C0900349552 /* Frameworks */ = {
			isa = PBXFrameworksBuildPhase;
			buildActionMask = 2147483647;
			files = (
			);
			runOnlyForDeploymentPostprocessing = 0;
		};
/* End PBXFrameworksBuildPhase section */

/* Begin PBXGroup section */
		22A34B7E25717C0900349552 = {
			isa = PBXGroup;
			children = (
				22A34B8925717C0900349552 /* SampleLoginMeuID */,
				22A34B8825717C0900349552 /* Products */,
			);
			sourceTree = "<group>";
		};
		22A34B8825717C0900349552 /* Products */ = {
			isa = PBXGroup;
			children = (
				22A34B8725717C0900349552 /* SampleLoginMeuID.app */,
			);
			name = Products;
			sourceTree = "<group>";
		};
		22A34B8925717C0900349552 /* SampleLoginMeuID */ = {
			isa = PBXGroup;
			children = (
				22C37744257FC0D700E8CD1D /* Success */,
				22A34B8A25717C0900349552 /* AppDelegate.h */,
				22A34B8B25717C0900349552 /* AppDelegate.m */,
				22A34B9025717C0900349552 /* ViewController.h */,
				22A34B9125717C0900349552 /* ViewController.m */,
				22A34B9325717C0900349552 /* Main.storyboard */,
				22A34B9625717C0C00349552 /* Assets.xcassets */,
				22A34B9825717C0C00349552 /* LaunchScreen.storyboard */,
				22A34B9B25717C0C00349552 /* Info.plist */,
				22A34B9C25717C0C00349552 /* main.m */,
			);
			path = SampleLoginMeuID;
			sourceTree = "<group>";
		};
		22C37744257FC0D700E8CD1D /* Success */ = {
			isa = PBXGroup;
			children = (
				22C3774C2582AD7E00E8CD1D /* Success.storyboard */,
				22C37747257FC12700E8CD1D /* SuccessViewController.h */,
				22C37748257FC12700E8CD1D /* SuccessViewController.m */,
			);
			path = Success;
			sourceTree = "<group>";
		};
/* End PBXGroup section */

/* Begin PBXNativeTarget section */
		22A34B8625717C0900349552 /* SampleLoginMeuID */ = {
			isa = PBXNativeTarget;
			buildConfigurationList = 22A34BA025717C0C00349552 /* Build configuration list for PBXNativeTarget "SampleLoginMeuID" */;
			buildPhases = (
				22A34B8325717C0900349552 /* Sources */,
				22A34B8425717C0900349552 /* Frameworks */,
				22A34B8525717C0900349552 /* Resources */,
			);
			buildRules = (
			);
			dependencies = (
			);
			name = SampleLoginMeuID;
			productName = SampleLoginMeuID;
			productReference = 22A34B8725717C0900349552 /* SampleLoginMeuID.app */;
			productType = "com.apple.product-type.application";
		};
/* End PBXNativeTarget section */

/* Begin PBXProject section */
		22A34B7F25717C0900349552 /* Project object */ = {
			isa = PBXProject;
			attributes = {
				LastUpgradeCheck = 1140;
				ORGANIZATIONNAME = Idwall;
				TargetAttributes = {
					22A34B8625717C0900349552 = {
						CreatedOnToolsVersion = 11.4.1;
					};
				};
			};
			buildConfigurationList = 22A34B8225717C0900349552 /* Build configuration list for PBXProject "SampleLoginMeuID" */;
			compatibilityVersion = "Xcode 9.3";
			developmentRegion = en;
			hasScannedForEncodings = 0;
			knownRegions = (
				en,
				Base,
			);
			mainGroup = 22A34B7E25717C0900349552;
			productRefGroup = 22A34B8825717C0900349552 /* Products */;
			projectDirPath = "";
			projectRoot = "";
			targets = (
				22A34B8625717C0900349552 /* SampleLoginMeuID */,
			);
		};
/* End PBXProject section */

/* Begin PBXResourcesBuildPhase section */
		22A34B8525717C0900349552 /* Resources */ = {
			isa = PBXResourcesBuildPhase;
			buildActionMask = 2147483647;
			files = (
				22A34B9A25717C0C00349552 /* LaunchScreen.storyboard in Resources */,
				22C3774D2582AD7E00E8CD1D /* Success.storyboard in Resources */,
				22A34B9725717C0C00349552 /* Assets.xcassets in Resources */,
				22A34B9525717C0900349552 /* Main.storyboard in Resources */,
			);
			runOnlyForDeploymentPostprocessing = 0;
		};
/* End PBXResourcesBuildPhase section */

/* Begin PBXSourcesBuildPhase section */
		22A34B8325717C0900349552 /* Sources */ = {
			isa = PBXSourcesBuildPhase;
			buildActionMask = 2147483647;
			files = (
				22A34B9225717C0900349552 /* ViewController.m in Sources */,
				22A34B8C25717C0900349552 /* AppDelegate.m in Sources */,
				22C37749257FC12700E8CD1D /* SuccessViewController.m in Sources */,
				22A34B9D25717C0C00349552 /* main.m in Sources */,
			);
			runOnlyForDeploymentPostprocessing = 0;
		};
/* End PBXSourcesBuildPhase section */

/* Begin PBXVariantGroup section */
		22A34B9325717C0900349552 /* Main.storyboard */ = {
			isa = PBXVariantGroup;
			children = (
				22A34B9425717C0900349552 /* Base */,
			);
			name = Main.storyboard;
			sourceTree = "<group>";
		};
		22A34B9825717C0C00349552 /* LaunchScreen.storyboard */ = {
			isa = PBXVariantGroup;
			children = (
				22A34B9925717C0C00349552 /* Base */,
			);
			name = LaunchScreen.storyboard;
			sourceTree = "<group>";
		};
/* End PBXVariantGroup section */

/* Begin XCBuildConfiguration section */
		22A34B9E25717C0C00349552 /* Debug */ = {
			isa = XCBuildConfiguration;
			buildSettings = {
				ALWAYS_SEARCH_USER_PATHS = NO;
				CLANG_ANALYZER_NONNULL = YES;
				CLANG_ANALYZER_NUMBER_OBJECT_CONVERSION = YES_AGGRESSIVE;
				CLANG_CXX_LANGUAGE_STANDARD = "gnu++14";
				CLANG_CXX_LIBRARY = "libc++";
				CLANG_ENABLE_MODULES = YES;
				CLANG_ENABLE_OBJC_ARC = YES;
				CLANG_ENABLE_OBJC_WEAK = YES;
				CLANG_WARN_BLOCK_CAPTURE_AUTORELEASING = YES;
				CLANG_WARN_BOOL_CONVERSION = YES;
				CLANG_WARN_COMMA = YES;
				CLANG_WARN_CONSTANT_CONVERSION = YES;
				CLANG_WARN_DEPRECATED_OBJC_IMPLEMENTATIONS = YES;
				CLANG_WARN_DIRECT_OBJC_ISA_USAGE = YES_ERROR;
				CLANG_WARN_DOCUMENTATION_COMMENTS = YES;
				CLANG_WARN_EMPTY_BODY = YES;
				CLANG_WARN_ENUM_CONVERSION = YES;
				CLANG_WARN_INFINITE_RECURSION = YES;
				CLANG_WARN_INT_CONVERSION = YES;
				CLANG_WARN_NON_LITERAL_NULL_CONVERSION = YES;
				CLANG_WARN_OBJC_IMPLICIT_RETAIN_SELF = YES;
				CLANG_WARN_OBJC_LITERAL_CONVERSION = YES;
				CLANG_WARN_OBJC_ROOT_CLASS = YES_ERROR;
				CLANG_WARN_RANGE_LOOP_ANALYSIS = YES;
				CLANG_WARN_STRICT_PROTOTYPES = YES;
				CLANG_WARN_SUSPICIOUS_MOVE = YES;
				CLANG_WARN_UNGUARDED_AVAILABILITY = YES_AGGRESSIVE;
				CLANG_WARN_UNREACHABLE_CODE = YES;
				CLANG_WARN__DUPLICATE_METHOD_MATCH = YES;
				COPY_PHASE_STRIP = NO;
				DEBUG_INFORMATION_FORMAT = dwarf;
				ENABLE_STRICT_OBJC_MSGSEND = YES;
				ENABLE_TESTABILITY = YES;
				GCC_C_LANGUAGE_STANDARD = gnu11;
				GCC_DYNAMIC_NO_PIC = NO;
				GCC_NO_COMMON_BLOCKS = YES;
				GCC_OPTIMIZATION_LEVEL = 0;
				GCC_PREPROCESSOR_DEFINITIONS = (
					"DEBUG=1",
					"$(inherited)",
				);
				GCC_WARN_64_TO_32_BIT_CONVERSION = YES;
				GCC_WARN_ABOUT_RETURN_TYPE = YES_ERROR;
				GCC_WARN_UNDECLARED_SELECTOR = YES;
				GCC_WARN_UNINITIALIZED_AUTOS = YES_AGGRESSIVE;
				GCC_WARN_UNUSED_FUNCTION = YES;
				GCC_WARN_UNUSED_VARIABLE = YES;
				IPHONEOS_DEPLOYMENT_TARGET = 10;
				MTL_ENABLE_DEBUG_INFO = INCLUDE_SOURCE;
				MTL_FAST_MATH = YES;
				ONLY_ACTIVE_ARCH = YES;
				SDKROOT = iphoneos;
			};
			name = Debug;
		};
		22A34B9F25717C0C00349552 /* Release */ = {
			isa = XCBuildConfiguration;
			buildSettings = {
				ALWAYS_SEARCH_USER_PATHS = NO;
				CLANG_ANALYZER_NONNULL = YES;
				CLANG_ANALYZER_NUMBER_OBJECT_CONVERSION = YES_AGGRESSIVE;
				CLANG_CXX_LANGUAGE_STANDARD = "gnu++14";
				CLANG_CXX_LIBRARY = "libc++";
				CLANG_ENABLE_MODULES = YES;
				CLANG_ENABLE_OBJC_ARC = YES;
				CLANG_ENABLE_OBJC_WEAK = YES;
				CLANG_WARN_BLOCK_CAPTURE_AUTORELEASING = YES;
				CLANG_WARN_BOOL_CONVERSION = YES;
				CLANG_WARN_COMMA = YES;
				CLANG_WARN_CONSTANT_CONVERSION = YES;
				CLANG_WARN_DEPRECATED_OBJC_IMPLEMENTATIONS = YES;
				CLANG_WARN_DIRECT_OBJC_ISA_USAGE = YES_ERROR;
				CLANG_WARN_DOCUMENTATION_COMMENTS = YES;
				CLANG_WARN_EMPTY_BODY = YES;
				CLANG_WARN_ENUM_CONVERSION = YES;
				CLANG_WARN_INFINITE_RECURSION = YES;
				CLANG_WARN_INT_CONVERSION = YES;
				CLANG_WARN_NON_LITERAL_NULL_CONVERSION = YES;
				CLANG_WARN_OBJC_IMPLICIT_RETAIN_SELF = YES;
				CLANG_WARN_OBJC_LITERAL_CONVERSION = YES;
				CLANG_WARN_OBJC_ROOT_CLASS = YES_ERROR;
				CLANG_WARN_RANGE_LOOP_ANALYSIS = YES;
				CLANG_WARN_STRICT_PROTOTYPES = YES;
				CLANG_WARN_SUSPICIOUS_MOVE = YES;
				CLANG_WARN_UNGUARDED_AVAILABILITY = YES_AGGRESSIVE;
				CLANG_WARN_UNREACHABLE_CODE = YES;
				CLANG_WARN__DUPLICATE_METHOD_MATCH = YES;
				COPY_PHASE_STRIP = NO;
				DEBUG_INFORMATION_FORMAT = "dwarf-with-dsym";
				ENABLE_NS_ASSERTIONS = NO;
				ENABLE_STRICT_OBJC_MSGSEND = YES;
				GCC_C_LANGUAGE_STANDARD = gnu11;
				GCC_NO_COMMON_BLOCKS = YES;
				GCC_WARN_64_TO_32_BIT_CONVERSION = YES;
				GCC_WARN_ABOUT_RETURN_TYPE = YES_ERROR;
				GCC_WARN_UNDECLARED_SELECTOR = YES;
				GCC_WARN_UNINITIALIZED_AUTOS = YES_AGGRESSIVE;
				GCC_WARN_UNUSED_FUNCTION = YES;
				GCC_WARN_UNUSED_VARIABLE = YES;
				IPHONEOS_DEPLOYMENT_TARGET = 10;
				MTL_ENABLE_DEBUG_INFO = NO;
				MTL_FAST_MATH = YES;
				SDKROOT = iphoneos;
				VALIDATE_PRODUCT = YES;
			};
			name = Release;
		};
		22A34BA125717C0C00349552 /* Debug */ = {
			isa = XCBuildConfiguration;
			buildSettings = {
				ASSETCATALOG_COMPILER_APPICON_NAME = AppIcon;
				CODE_SIGN_STYLE = Automatic;
				DEVELOPMENT_TEAM = "";
				INFOPLIST_FILE = SampleLoginMeuID/Info.plist;
				LD_RUNPATH_SEARCH_PATHS = (
					"$(inherited)",
					"@executable_path/Frameworks",
				);
				PRODUCT_BUNDLE_IDENTIFIER = idwall.SampleLoginMeuID;
				PRODUCT_NAME = "$(TARGET_NAME)";
				TARGETED_DEVICE_FAMILY = "1,2";
			};
			name = Debug;
		};
		22A34BA225717C0C00349552 /* Release */ = {
			isa = XCBuildConfiguration;
			buildSettings = {
				ASSETCATALOG_COMPILER_APPICON_NAME = AppIcon;
				CODE_SIGN_STYLE = Automatic;
				DEVELOPMENT_TEAM = "";
				INFOPLIST_FILE = SampleLoginMeuID/Info.plist;
				LD_RUNPATH_SEARCH_PATHS = (
					"$(inherited)",
					"@executable_path/Frameworks",
				);
				PRODUCT_BUNDLE_IDENTIFIER = idwall.SampleLoginMeuID;
				PRODUCT_NAME = "$(TARGET_NAME)";
				TARGETED_DEVICE_FAMILY = "1,2";
			};
			name = Release;
		};
/* End XCBuildConfiguration section */

/* Begin XCConfigurationList section */
		22A34B8225717C0900349552 /* Build configuration list for PBXProject "SampleLoginMeuID" */ = {
			isa = XCConfigurationList;
			buildConfigurations = (
				22A34B9E25717C0C00349552 /* Debug */,
				22A34B9F25717C0C00349552 /* Release */,
			);
			defaultConfigurationIsVisible = 0;
			defaultConfigurationName = Release;
		};
		22A34BA025717C0C00349552 /* Build configuration list for PBXNativeTarget "SampleLoginMeuID" */ = {
			isa = XCConfigurationList;
			buildConfigurations = (
				22A34BA125717C0C00349552 /* Debug */,
				22A34BA225717C0C00349552 /* Release */,
			);
			defaultConfigurationIsVisible = 0;
			defaultConfigurationName = Release;
		};
/* End XCConfigurationList section */
	};
	rootObject = 22A34B7F25717C0900349552 /* Project object */;
}
