// !$*UTF8*$!
{
	archiveVersion = 1;
	classes = {
	};
	objectVersion = 50;
	objects = {

/* Begin PBXBuildFile section */
		2268BC062570371B008AE1CA /* AppDelegate.swift in Sources */ = {isa = PBXBuildFile; fileRef = 2268BC052570371B008AE1CA /* AppDelegate.swift */; };
		2268BC0A2570371B008AE1CA /* ViewController.swift in Sources */ = {isa = PBXBuildFile; fileRef = 2268BC092570371B008AE1CA /* ViewController.swift */; };
		2268BC0D2570371B008AE1CA /* Main.storyboard in Resources */ = {isa = PBXBuildFile; fileRef = 2268BC0B2570371B008AE1CA /* Main.storyboard */; };
		2268BC0F2570371D008AE1CA /* Assets.xcassets in Resources */ = {isa = PBXBuildFile; fileRef = 2268BC0E2570371D008AE1CA /* Assets.xcassets */; };
		2268BC122570371D008AE1CA /* LaunchScreen.storyboard in Resources */ = {isa = PBXBuildFile; fileRef = 2268BC102570371D008AE1CA /* LaunchScreen.storyboard */; };
		22C37743257FBFB900E8CD1D /* SuccessViewController.swift in Sources */ = {isa = PBXBuildFile; fileRef = 22C37742257FBFB900E8CD1D /* SuccessViewController.swift */; };
		22C3774B2582A30B00E8CD1D /* Success.storyboard in Resources */ = {isa = PBXBuildFile; fileRef = 22C3774A2582A30B00E8CD1D /* Success.storyboard */; };
/* End PBXBuildFile section */

/* Begin PBXFileReference section */
		2268BC022570371B008AE1CA /* SampleLoginMeuID.app */ = {isa = PBXFileReference; explicitFileType = wrapper.application; includeInIndex = 0; path = SampleLoginMeuID.app; sourceTree = BUILT_PRODUCTS_DIR; };
		2268BC052570371B008AE1CA /* AppDelegate.swift */ = {isa = PBXFileReference; lastKnownFileType = sourcecode.swift; path = AppDelegate.swift; sourceTree = "<group>"; };
		2268BC092570371B008AE1CA /* ViewController.swift */ = {isa = PBXFileReference; lastKnownFileType = sourcecode.swift; path = ViewController.swift; sourceTree = "<group>"; };
		2268BC0C2570371B008AE1CA /* Base */ = {isa = PBXFileReference; lastKnownFileType = file.storyboard; name = Base; path = Base.lproj/Main.storyboard; sourceTree = "<group>"; };
		2268BC0E2570371D008AE1CA /* Assets.xcassets */ = {isa = PBXFileReference; lastKnownFileType = folder.assetcatalog; path = Assets.xcassets; sourceTree = "<group>"; };
		2268BC112570371D008AE1CA /* Base */ = {isa = PBXFileReference; lastKnownFileType = file.storyboard; name = Base; path = Base.lproj/LaunchScreen.storyboard; sourceTree = "<group>"; };
		2268BC132570371D008AE1CA /* Info.plist */ = {isa = PBXFileReference; lastKnownFileType = text.plist.xml; path = Info.plist; sourceTree = "<group>"; };
		22C37742257FBFB900E8CD1D /* SuccessViewController.swift */ = {isa = PBXFileReference; lastKnownFileType = sourcecode.swift; path = SuccessViewController.swift; sourceTree = "<group>"; };
		22C3774A2582A30B00E8CD1D /* Success.storyboard */ = {isa = PBXFileReference; lastKnownFileType = file.storyboard; path = Success.storyboard; sourceTree = "<group>"; };
/* End PBXFileReference section */

/* Begin PBXFrameworksBuildPhase section */
		2268BBFF2570371B008AE1CA /* Frameworks */ = {
			isa = PBXFrameworksBuildPhase;
			buildActionMask = 2147483647;
			files = (
			);
			runOnlyForDeploymentPostprocessing = 0;
		};
/* End PBXFrameworksBuildPhase section */

/* Begin PBXGroup section */
		2268BBF92570371A008AE1CA = {
			isa = PBXGroup;
			children = (
				2268BC042570371B008AE1CA /* SampleLoginMeuID */,
				2268BC032570371B008AE1CA /* Products */,
			);
			sourceTree = "<group>";
		};
		2268BC032570371B008AE1CA /* Products */ = {
			isa = PBXGroup;
			children = (
				2268BC022570371B008AE1CA /* SampleLoginMeuID.app */,
			);
			name = Products;
			sourceTree = "<group>";
		};
		2268BC042570371B008AE1CA /* SampleLoginMeuID */ = {
			isa = PBXGroup;
			children = (
				2268BC052570371B008AE1CA /* AppDelegate.swift */,
				2268BC092570371B008AE1CA /* ViewController.swift */,
				2268BC0B2570371B008AE1CA /* Main.storyboard */,
				22C37741257FBF9700E8CD1D /* Success */,
				2268BC0E2570371D008AE1CA /* Assets.xcassets */,
				2268BC102570371D008AE1CA /* LaunchScreen.storyboard */,
				2268BC132570371D008AE1CA /* Info.plist */,
			);
			path = SampleLoginMeuID;
			sourceTree = "<group>";
		};
		22C37741257FBF9700E8CD1D /* Success */ = {
			isa = PBXGroup;
			children = (
				22C3774A2582A30B00E8CD1D /* Success.storyboard */,
				22C37742257FBFB900E8CD1D /* SuccessViewController.swift */,
			);
			path = Success;
			sourceTree = "<group>";
		};
/* End PBXGroup section */

/* Begin PBXNativeTarget section */
		2268BC012570371B008AE1CA /* SampleLoginMeuID */ = {
			isa = PBXNativeTarget;
			buildConfigurationList = 2268BC162570371D008AE1CA /* Build configuration list for PBXNativeTarget "SampleLoginMeuID" */;
			buildPhases = (
				2268BBFE2570371B008AE1CA /* Sources */,
				2268BBFF2570371B008AE1CA /* Frameworks */,
				2268BC002570371B008AE1CA /* Resources */,
			);
			buildRules = (
			);
			dependencies = (
			);
			name = SampleLoginMeuID;
			productName = SampleLoginMeuID;
			productReference = 2268BC022570371B008AE1CA /* SampleLoginMeuID.app */;
			productType = "com.apple.product-type.application";
		};
/* End PBXNativeTarget section */

/* Begin PBXProject section */
		2268BBFA2570371A008AE1CA /* Project object */ = {
			isa = PBXProject;
			attributes = {
				LastSwiftUpdateCheck = 1140;
				LastUpgradeCheck = 1140;
				ORGANIZATIONNAME = Idwall;
				TargetAttributes = {
					2268BC012570371B008AE1CA = {
						CreatedOnToolsVersion = 11.4.1;
					};
				};
			};
			buildConfigurationList = 2268BBFD2570371A008AE1CA /* Build configuration list for PBXProject "SampleLoginMeuID" */;
			compatibilityVersion = "Xcode 9.3";
			developmentRegion = en;
			hasScannedForEncodings = 0;
			knownRegions = (
				en,
				Base,
			);
			mainGroup = 2268BBF92570371A008AE1CA;
			productRefGroup = 2268BC032570371B008AE1CA /* Products */;
			projectDirPath = "";
			projectRoot = "";
			targets = (
				2268BC012570371B008AE1CA /* SampleLoginMeuID */,
			);
		};
/* End PBXProject section */

/* Begin PBXResourcesBuildPhase section */
		2268BC002570371B008AE1CA /* Resources */ = {
			isa = PBXResourcesBuildPhase;
			buildActionMask = 2147483647;
			files = (
				2268BC122570371D008AE1CA /* LaunchScreen.storyboard in Resources */,
				22C3774B2582A30B00E8CD1D /* Success.storyboard in Resources */,
				2268BC0F2570371D008AE1CA /* Assets.xcassets in Resources */,
				2268BC0D2570371B008AE1CA /* Main.storyboard in Resources */,
			);
			runOnlyForDeploymentPostprocessing = 0;
		};
/* End PBXResourcesBuildPhase section */

/* Begin PBXSourcesBuildPhase section */
		2268BBFE2570371B008AE1CA /* Sources */ = {
			isa = PBXSourcesBuildPhase;
			buildActionMask = 2147483647;
			files = (
				2268BC0A2570371B008AE1CA /* ViewController.swift in Sources */,
				22C37743257FBFB900E8CD1D /* SuccessViewController.swift in Sources */,
				2268BC062570371B008AE1CA /* AppDelegate.swift in Sources */,
			);
			runOnlyForDeploymentPostprocessing = 0;
		};
/* End PBXSourcesBuildPhase section */

/* Begin PBXVariantGroup section */
		2268BC0B2570371B008AE1CA /* Main.storyboard */ = {
			isa = PBXVariantGroup;
			children = (
				2268BC0C2570371B008AE1CA /* Base */,
			);
			name = Main.storyboard;
			sourceTree = "<group>";
		};
		2268BC102570371D008AE1CA /* LaunchScreen.storyboard */ = {
			isa = PBXVariantGroup;
			children = (
				2268BC112570371D008AE1CA /* Base */,
			);
			name = LaunchScreen.storyboard;
			sourceTree = "<group>";
		};
/* End PBXVariantGroup section */

/* Begin XCBuildConfiguration section */
		2268BC142570371D008AE1CA /* Debug */ = {
			isa = XCBuildConfiguration;
			buildSettings = {
				ALWAYS_SEARCH_USER_PATHS = NO;
				CLANG_ANALYZER_NONNULL = YES;
				CLANG_ANALYZER_NUMBER_OBJECT_CONVERSION = YES_AGGRESSIVE;
				CLANG_CXX_LANGUAGE_STANDARD = "gnu++14";
				CLANG_CXX_LIBRARY = "libc++";
				CLANG_ENABLE_MODULES = YES;
				CLANG_ENABLE_OBJC_ARC = YES;
				CLANG_ENABLE_OBJC_WEAK = YES;
				CLANG_WARN_BLOCK_CAPTURE_AUTORELEASING = YES;
				CLANG_WARN_BOOL_CONVERSION = YES;
				CLANG_WARN_COMMA = YES;
				CLANG_WARN_CONSTANT_CONVERSION = YES;
				CLANG_WARN_DEPRECATED_OBJC_IMPLEMENTATIONS = YES;
				CLANG_WARN_DIRECT_OBJC_ISA_USAGE = YES_ERROR;
				CLANG_WARN_DOCUMENTATION_COMMENTS = YES;
				CLANG_WARN_EMPTY_BODY = YES;
				CLANG_WARN_ENUM_CONVERSION = YES;
				CLANG_WARN_INFINITE_RECURSION = YES;
				CLANG_WARN_INT_CONVERSION = YES;
				CLANG_WARN_NON_LITERAL_NULL_CONVERSION = YES;
				CLANG_WARN_OBJC_IMPLICIT_RETAIN_SELF = YES;
				CLANG_WARN_OBJC_LITERAL_CONVERSION = YES;
				CLANG_WARN_OBJC_ROOT_CLASS = YES_ERROR;
				CLANG_WARN_RANGE_LOOP_ANALYSIS = YES;
				CLANG_WARN_STRICT_PROTOTYPES = YES;
				CLANG_WARN_SUSPICIOUS_MOVE = YES;
				CLANG_WARN_UNGUARDED_AVAILABILITY = YES_AGGRESSIVE;
				CLANG_WARN_UNREACHABLE_CODE = YES;
				CLANG_WARN__DUPLICATE_METHOD_MATCH = YES;
				COPY_PHASE_STRIP = NO;
				DEBUG_INFORMATION_FORMAT = dwarf;
				ENABLE_STRICT_OBJC_MSGSEND = YES;
				ENABLE_TESTABILITY = YES;
				GCC_C_LANGUAGE_STANDARD = gnu11;
				GCC_DYNAMIC_NO_PIC = NO;
				GCC_NO_COMMON_BLOCKS = YES;
				GCC_OPTIMIZATION_LEVEL = 0;
				GCC_PREPROCESSOR_DEFINITIONS = (
					"DEBUG=1",
					"$(inherited)",
				);
				GCC_WARN_64_TO_32_BIT_CONVERSION = YES;
				GCC_WARN_ABOUT_RETURN_TYPE = YES_ERROR;
				GCC_WARN_UNDECLARED_SELECTOR = YES;
				GCC_WARN_UNINITIALIZED_AUTOS = YES_AGGRESSIVE;
				GCC_WARN_UNUSED_FUNCTION = YES;
				GCC_WARN_UNUSED_VARIABLE = YES;
				IPHONEOS_DEPLOYMENT_TARGET = 10.0;
				MTL_ENABLE_DEBUG_INFO = INCLUDE_SOURCE;
				MTL_FAST_MATH = YES;
				ONLY_ACTIVE_ARCH = YES;
				SDKROOT = iphoneos;
				SWIFT_ACTIVE_COMPILATION_CONDITIONS = DEBUG;
				SWIFT_OPTIMIZATION_LEVEL = "-Onone";
			};
			name = Debug;
		};
		2268BC152570371D008AE1CA /* Release */ = {
			isa = XCBuildConfiguration;
			buildSettings = {
				ALWAYS_SEARCH_USER_PATHS = NO;
				CLANG_ANALYZER_NONNULL = YES;
				CLANG_ANALYZER_NUMBER_OBJECT_CONVERSION = YES_AGGRESSIVE;
				CLANG_CXX_LANGUAGE_STANDARD = "gnu++14";
				CLANG_CXX_LIBRARY = "libc++";
				CLANG_ENABLE_MODULES = YES;
				CLANG_ENABLE_OBJC_ARC = YES;
				CLANG_ENABLE_OBJC_WEAK = YES;
				CLANG_WARN_BLOCK_CAPTURE_AUTORELEASING = YES;
				CLANG_WARN_BOOL_CONVERSION = YES;
				CLANG_WARN_COMMA = YES;
				CLANG_WARN_CONSTANT_CONVERSION = YES;
				CLANG_WARN_DEPRECATED_OBJC_IMPLEMENTATIONS = YES;
				CLANG_WARN_DIRECT_OBJC_ISA_USAGE = YES_ERROR;
				CLANG_WARN_DOCUMENTATION_COMMENTS = YES;
				CLANG_WARN_EMPTY_BODY = YES;
				CLANG_WARN_ENUM_CONVERSION = YES;
				CLANG_WARN_INFINITE_RECURSION = YES;
				CLANG_WARN_INT_CONVERSION = YES;
				CLANG_WARN_NON_LITERAL_NULL_CONVERSION = YES;
				CLANG_WARN_OBJC_IMPLICIT_RETAIN_SELF = YES;
				CLANG_WARN_OBJC_LITERAL_CONVERSION = YES;
				CLANG_WARN_OBJC_ROOT_CLASS = YES_ERROR;
				CLANG_WARN_RANGE_LOOP_ANALYSIS = YES;
				CLANG_WARN_STRICT_PROTOTYPES = YES;
				CLANG_WARN_SUSPICIOUS_MOVE = YES;
				CLANG_WARN_UNGUARDED_AVAILABILITY = YES_AGGRESSIVE;
				CLANG_WARN_UNREACHABLE_CODE = YES;
				CLANG_WARN__DUPLICATE_METHOD_MATCH = YES;
				COPY_PHASE_STRIP = NO;
				DEBUG_INFORMATION_FORMAT = "dwarf-with-dsym";
				ENABLE_NS_ASSERTIONS = NO;
				ENABLE_STRICT_OBJC_MSGSEND = YES;
				GCC_C_LANGUAGE_STANDARD = gnu11;
				GCC_NO_COMMON_BLOCKS = YES;
				GCC_WARN_64_TO_32_BIT_CONVERSION = YES;
				GCC_WARN_ABOUT_RETURN_TYPE = YES_ERROR;
				GCC_WARN_UNDECLARED_SELECTOR = YES;
				GCC_WARN_UNINITIALIZED_AUTOS = YES_AGGRESSIVE;
				GCC_WARN_UNUSED_FUNCTION = YES;
				GCC_WARN_UNUSED_VARIABLE = YES;
				IPHONEOS_DEPLOYMENT_TARGET = 10.0;
				MTL_ENABLE_DEBUG_INFO = NO;
				MTL_FAST_MATH = YES;
				SDKROOT = iphoneos;
				SWIFT_COMPILATION_MODE = wholemodule;
				SWIFT_OPTIMIZATION_LEVEL = "-O";
				VALIDATE_PRODUCT = YES;
			};
			name = Release;
		};
		2268BC172570371D008AE1CA /* Debug */ = {
			isa = XCBuildConfiguration;
			buildSettings = {
				ASSETCATALOG_COMPILER_APPICON_NAME = AppIcon;
				CODE_SIGN_STYLE = Automatic;
				DEVELOPMENT_TEAM = "";
				INFOPLIST_FILE = SampleLoginMeuID/Info.plist;
				LD_RUNPATH_SEARCH_PATHS = (
					"$(inherited)",
					"@executable_path/Frameworks",
				);
				PRODUCT_BUNDLE_IDENTIFIER = idwall.SampleLoginMeuID;
				PRODUCT_NAME = "$(TARGET_NAME)";
				SWIFT_VERSION = 5.0;
				TARGETED_DEVICE_FAMILY = "1,2";
			};
			name = Debug;
		};
		2268BC182570371D008AE1CA /* Release */ = {
			isa = XCBuildConfiguration;
			buildSettings = {
				ASSETCATALOG_COMPILER_APPICON_NAME = AppIcon;
				CODE_SIGN_STYLE = Automatic;
				DEVELOPMENT_TEAM = "";
				INFOPLIST_FILE = SampleLoginMeuID/Info.plist;
				LD_RUNPATH_SEARCH_PATHS = (
					"$(inherited)",
					"@executable_path/Frameworks",
				);
				PRODUCT_BUNDLE_IDENTIFIER = idwall.SampleLoginMeuID;
				PRODUCT_NAME = "$(TARGET_NAME)";
				SWIFT_VERSION = 5.0;
				TARGETED_DEVICE_FAMILY = "1,2";
			};
			name = Release;
		};
/* End XCBuildConfiguration section */

/* Begin XCConfigurationList section */
		2268BBFD2570371A008AE1CA /* Build configuration list for PBXProject "SampleLoginMeuID" */ = {
			isa = XCConfigurationList;
			buildConfigurations = (
				2268BC142570371D008AE1CA /* Debug */,
				2268BC152570371D008AE1CA /* Release */,
			);
			defaultConfigurationIsVisible = 0;
			defaultConfigurationName = Release;
		};
		2268BC162570371D008AE1CA /* Build configuration list for PBXNativeTarget "SampleLoginMeuID" */ = {
			isa = XCConfigurationList;
			buildConfigurations = (
				2268BC172570371D008AE1CA /* Debug */,
				2268BC182570371D008AE1CA /* Release */,
			);
			defaultConfigurationIsVisible = 0;
			defaultConfigurationName = Release;
		};
/* End XCConfigurationList section */
	};
	rootObject = 2268BBFA2570371A008AE1CA /* Project object */;
}
